<?xml version="1.0" encoding="utf-8"?>
<Project ToolsVersion="4.0" xmlns="http://schemas.microsoft.com/developer/msbuild/2003">
  <ItemGroup>
    <Filter Include="Todo">
      <UniqueIdentifier>{a55fe33c-f47a-4deb-a236-dbac818c80e3}</UniqueIdentifier>
    </Filter>
    <Filter Include="Core">
      <UniqueIdentifier>{553aeee7-d818-4849-b4ff-67ec0ebd8103}</UniqueIdentifier>
    </Filter>
    <Filter Include="View">
      <UniqueIdentifier>{b2353a36-6217-4872-8bcf-556aa0f4e0af}</UniqueIdentifier>
    </Filter>
    <Filter Include="Core\Include">
      <UniqueIdentifier>{c8a19545-a37a-4262-9a94-4853c302cb0e}</UniqueIdentifier>
    </Filter>
    <Filter Include="Core\Source">
      <UniqueIdentifier>{dfa536d9-dfba-44c6-8010-d95429d4369a}</UniqueIdentifier>
    </Filter>
    <Filter Include="Core\Source\noise">
      <UniqueIdentifier>{747a37e1-7cef-45a1-8639-155c2caa7c15}</UniqueIdentifier>
    </Filter>
    <Filter Include="Rendering">
      <UniqueIdentifier>{200d2d10-efa8-4d3c-996d-5437e85f6101}</UniqueIdentifier>
    </Filter>
    <Filter Include="Framework">
      <UniqueIdentifier>{90f3ceca-15c2-4be2-b1a8-8a8dfc094952}</UniqueIdentifier>
    </Filter>
  </ItemGroup>
  <ItemGroup>
    <ClInclude Include="Include\heightfield.h">
      <Filter>Framework</Filter>
    </ClInclude>
    <ClInclude Include="Include\valueField.h">
      <Filter>Framework</Filter>
    </ClInclude>
    <ClInclude Include="Include\scalarfield.h">
      <Filter>Framework</Filter>
    </ClInclude>
    <ClInclude Include="Include\mainwindow.h">
      <Filter>View</Filter>
    </ClInclude>
    <ClInclude Include="Include\window.h">
      <Filter>View</Filter>
    </ClInclude>
    <ClInclude Include="Include\ecosystem.h">
      <Filter>Framework</Filter>
    </ClInclude>
    <ClInclude Include="Include\imgui_opengl.h">
      <Filter>Todo</Filter>
    </ClInclude>
    <ClInclude Include="Include\color.h">
      <Filter>Core\Include</Filter>
    </ClInclude>
    <ClInclude Include="Include\component.h">
      <Filter>Core\Include</Filter>
    </ClInclude>
    <ClInclude Include="Include\gameobject.h">
      <Filter>Core\Include</Filter>
    </ClInclude>
    <ClInclude Include="Include\mytime.h">
      <Filter>Core\Include</Filter>
    </ClInclude>
    <ClInclude Include="Include\noise.h">
      <Filter>Core\Include</Filter>
    </ClInclude>
    <ClInclude Include="Include\quaternion.h">
      <Filter>Core\Include</Filter>
    </ClInclude>
    <ClInclude Include="Include\ray.h">
      <Filter>Core\Include</Filter>
    </ClInclude>
    <ClInclude Include="Include\vec.h">
      <Filter>Core\Include</Filter>
    </ClInclude>
    <ClInclude Include="Include\transform.h">
      <Filter>Core\Include</Filter>
    </ClInclude>
    <ClInclude Include="Include\fractal.h">
      <Filter>Core\Include</Filter>
    </ClInclude>
    <ClInclude Include="Include\image.h">
      <Filter>Todo</Filter>
    </ClInclude>
    <ClInclude Include="Include\terrainSettings.h">
      <Filter>View</Filter>
    </ClInclude>
    <ClInclude Include="Include\box.h">
      <Filter>Core\Include</Filter>
    </ClInclude>
    <ClInclude Include="Include\mathUtils.h">
      <Filter>Core\Include</Filter>
    </ClInclude>
    <ClInclude Include="Include\gpuHeightfield.h">
      <Filter>Framework</Filter>
    </ClInclude>
    <ClInclude Include="Include\box2D.h">
      <Filter>Core\Include</Filter>
    </ClInclude>
    <ClInclude Include="Include\sphere.h">
      <Filter>Core\Include</Filter>
    </ClInclude>
    <ClInclude Include="Include\materialModel.h">
      <Filter>Rendering</Filter>
    </ClInclude>
    <ClInclude Include="Include\meshModel.h">
      <Filter>Rendering</Filter>
    </ClInclude>
    <ClInclude Include="Include\meshRenderer.h">
      <Filter>Rendering</Filter>
    </ClInclude>
    <ClInclude Include="Include\shader.h">
      <Filter>Rendering</Filter>
    </ClInclude>
    <ClInclude Include="Include\heightfieldMeshModel.h">
      <Filter>Rendering</Filter>
    </ClInclude>
    <ClInclude Include="Include\cameraOrbiter.h">
      <Filter>Rendering</Filter>
    </ClInclude>
    <ClInclude Include="Include\poissonTile2D.h">
      <Filter>Core\Include</Filter>
    </ClInclude>
    <ClInclude Include="Include\texture.h">
      <Filter>Rendering</Filter>
    </ClInclude>
    <ClInclude Include="Source\random.h">
      <Filter>Core\Include</Filter>
    </ClInclude>
    <ClInclude Include="Include\layerfield.h">
      <Filter>Framework</Filter>
    </ClInclude>
    <ClInclude Include="Include\camera.h">
      <Filter>Core\Include</Filter>
    </ClInclude>
  </ItemGroup>
  <ItemGroup>
    <ClCompile Include="Source\heightfield.cpp">
      <Filter>Framework</Filter>
    </ClCompile>
    <ClCompile Include="Source\scalarfield.cpp">
      <Filter>Framework</Filter>
    </ClCompile>
    <ClCompile Include="Source\mainwindow.cpp">
      <Filter>View</Filter>
    </ClCompile>
    <ClCompile Include="Source\window.cpp">
      <Filter>View</Filter>
    </ClCompile>
    <ClCompile Include="Source\mainwindow-callbacks.cpp">
      <Filter>View</Filter>
    </ClCompile>
    <ClCompile Include="Source\main.cpp" />
    <ClCompile Include="Source\ecosystem.cpp">
      <Filter>Framework</Filter>
    </ClCompile>
    <ClCompile Include="Source\imgui.cpp">
      <Filter>Todo</Filter>
    </ClCompile>
    <ClCompile Include="Source\imgui_draw.cpp">
      <Filter>Todo</Filter>
    </ClCompile>
    <ClCompile Include="Source\imgui_opengl.cpp">
      <Filter>Todo</Filter>
    </ClCompile>
    <ClCompile Include="Source\transform.cpp">
      <Filter>Core\Source</Filter>
    </ClCompile>
    <ClCompile Include="Source\color.cpp">
      <Filter>Core\Source</Filter>
    </ClCompile>
    <ClCompile Include="Source\gameobject.cpp">
      <Filter>Core\Source</Filter>
    </ClCompile>
    <ClCompile Include="Source\mytime.cpp">
      <Filter>Core\Source</Filter>
    </ClCompile>
    <ClCompile Include="Source\perlinNoise.cpp">
      <Filter>Core\Source\noise</Filter>
    </ClCompile>
    <ClCompile Include="Source\fractal.cpp">
      <Filter>Core\Source\noise</Filter>
    </ClCompile>
    <ClCompile Include="Source\image.cpp">
      <Filter>Todo</Filter>
    </ClCompile>
    <ClCompile Include="Source\box.cpp">
      <Filter>Core\Source</Filter>
    </ClCompile>
    <ClCompile Include="Source\box2D.cpp">
      <Filter>Core\Source</Filter>
    </ClCompile>
    <ClCompile Include="Source\gpuheightfield.cpp">
      <Filter>Framework</Filter>
    </ClCompile>
    <ClCompile Include="Source\sphere.cpp">
      <Filter>Core\Source</Filter>
    </ClCompile>
    <ClCompile Include="Source\heightfieldMeshModel.cpp">
      <Filter>Rendering</Filter>
    </ClCompile>
    <ClCompile Include="Source\materialModel.cpp">
      <Filter>Rendering</Filter>
    </ClCompile>
    <ClCompile Include="Source\meshModel.cpp">
      <Filter>Rendering</Filter>
    </ClCompile>
    <ClCompile Include="Source\meshRenderer.cpp">
      <Filter>Rendering</Filter>
    </ClCompile>
    <ClCompile Include="Source\shader.cpp">
      <Filter>Rendering</Filter>
    </ClCompile>
    <ClCompile Include="Source\cameraOrbiter.cpp">
      <Filter>Rendering</Filter>
    </ClCompile>
    <ClCompile Include="Source\poissonTile2D.cpp">
      <Filter>Core\Source</Filter>
    </ClCompile>
    <ClCompile Include="Source\texture.cpp">
      <Filter>Rendering</Filter>
    </ClCompile>
    <ClCompile Include="Source\layerfield.cpp">
      <Filter>Framework</Filter>
    </ClCompile>
    <ClCompile Include="Source\fractalMusgrave.cpp">
      <Filter>Core\Source\noise</Filter>
    </ClCompile>
    <ClCompile Include="Source\camera.cpp">
      <Filter>Core\Source</Filter>
    </ClCompile>
    <ClCompile Include="Source\mainwindow-examples.cpp">
      <Filter>View</Filter>
    </ClCompile>
  </ItemGroup>
</Project>